
Microsoft Visual Studio Solution File, Format Version 12.00
# Visual Studio Version 17
VisualStudioVersion = 17.5.002.0
MinimumVisualStudioVersion = 10.0.40219.1
Project("{9A19103F-16F7-4668-BE54-9A1E7A4F7556}") = "Flow.Launcher.Plugin.Cider2", "Flow.Launcher.Plugin.Cider2.csproj", "{0D324F67-BFE1-4B5A-9C2F-5CC16B07B9A4}"
EndProject
Global
	GlobalSection(SolutionConfigurationPlatforms) = preSolution
		Debug|Any CPU = Debug|Any CPU
		Release|Any CPU = Release|Any CPU
	EndGlobalSection
	GlobalSection(ProjectConfigurationPlatforms) = postSolution
		{0D324F67-BFE1-4B5A-9C2F-5CC16B07B9A4}.Debug|Any CPU.ActiveCfg = Debug|Any CPU
		{0D324F67-BFE1-4B5A-9C2F-5CC16B07B9A4}.Debug|Any CPU.Build.0 = Debug|Any CPU
		{0D324F67-BFE1-4B5A-9C2F-5CC16B07B9A4}.Release|Any CPU.ActiveCfg = Release|Any CPU
		{0D324F67-BFE1-4B5A-9C2F-5CC16B07B9A4}.Release|Any CPU.Build.0 = Release|Any CPU
	EndGlobalSection
	GlobalSection(SolutionProperties) = preSolution
		HideSolutionNode = FALSE
	EndGlobalSection
	GlobalSection(ExtensibilityGlobals) = postSolution
		SolutionGuid = {726B4970-0583-43CC-868E-AE630CF9DE61}
	EndGlobalSection
EndGlobal
